
Microsoft Visual Studio Solution File, Format Version 12.00
# Visual Studio Version 16
VisualStudioVersion = 16.0.30204.135
MinimumVisualStudioVersion = 10.0.40219.1
Project("{8BC9CEB8-8B4A-11D0-8D11-00A0C91BC942}") = "Plant-Tracker-GUI", "Plant-Tracker-GUI.vcxproj", "{522205DF-04E0-49B4-A9B4-00680E7C2A34}"
EndProject
Global
	GlobalSection(SolutionConfigurationPlatforms) = preSolution
		Debug|x64 = Debug|x64
		Debug|x86 = Debug|x86
		Release|x64 = Release|x64
		Release|x86 = Release|x86
	EndGlobalSection
	GlobalSection(ProjectConfigurationPlatforms) = postSolution
		{522205DF-04E0-49B4-A9B4-00680E7C2A34}.Debug|x64.ActiveCfg = Debug|x64
		{522205DF-04E0-49B4-A9B4-00680E7C2A34}.Debug|x64.Build.0 = Debug|x64
		{522205DF-04E0-49B4-A9B4-00680E7C2A34}.Debug|x86.ActiveCfg = Debug|Win32
		{522205DF-04E0-49B4-A9B4-00680E7C2A34}.Debug|x86.Build.0 = Debug|Win32
		{522205DF-04E0-49B4-A9B4-00680E7C2A34}.Release|x64.ActiveCfg = Release|x64
		{522205DF-04E0-49B4-A9B4-00680E7C2A34}.Release|x64.Build.0 = Release|x64
		{522205DF-04E0-49B4-A9B4-00680E7C2A34}.Release|x86.ActiveCfg = Release|Win32
		{522205DF-04E0-49B4-A9B4-00680E7C2A34}.Release|x86.Build.0 = Release|Win32
	EndGlobalSection
	GlobalSection(SolutionProperties) = preSolution
		HideSolutionNode = FALSE
	EndGlobalSection
	GlobalSection(ExtensibilityGlobals) = postSolution
		SolutionGuid = {22905D60-B3FA-4ACA-8529-9976E09AABB2}
	EndGlobalSection
EndGlobal
